// !$*UTF8*$!
{
	archiveVersion = 1;
	classes = {
	};
	objectVersion = 50;
	objects = {

/* Begin PBXBuildFile section */
		5438C5A522409439000553D1 /* DayWeatherCell.swift in Sources */ = {isa = PBXBuildFile; fileRef = 5438C5A422409439000553D1 /* DayWeatherCell.swift */; };
		5470ED32223EB0F3001259D3 /* Constants.swift in Sources */ = {isa = PBXBuildFile; fileRef = 5470ED31223EB0F3001259D3 /* Constants.swift */; };
		54B7A5F32242D5FC0052CE86 /* TimeInterval+format.swift in Sources */ = {isa = PBXBuildFile; fileRef = 54B7A5F22242D5FC0052CE86 /* TimeInterval+format.swift */; };
		54B7A5F52245324C0052CE86 /* HourlyWeatherCell.swift in Sources */ = {isa = PBXBuildFile; fileRef = 54B7A5F42245324C0052CE86 /* HourlyWeatherCell.swift */; };
		54B7A5F72246F40F0052CE86 /* WeatherLocation.swift in Sources */ = {isa = PBXBuildFile; fileRef = 54B7A5F62246F40F0052CE86 /* WeatherLocation.swift */; };
		54C8A8B1221C7366001D216B /* AppDelegate.swift in Sources */ = {isa = PBXBuildFile; fileRef = 54C8A8B0221C7366001D216B /* AppDelegate.swift */; };
		54C8A8B6221C7366001D216B /* Main.storyboard in Resources */ = {isa = PBXBuildFile; fileRef = 54C8A8B4221C7366001D216B /* Main.storyboard */; };
		54C8A8B8221C7368001D216B /* Assets.xcassets in Resources */ = {isa = PBXBuildFile; fileRef = 54C8A8B7221C7368001D216B /* Assets.xcassets */; };
		54C8A8BB221C7368001D216B /* LaunchScreen.storyboard in Resources */ = {isa = PBXBuildFile; fileRef = 54C8A8B9221C7368001D216B /* LaunchScreen.storyboard */; };
		54C8A8C3221C73C4001D216B /* DetailVC.swift in Sources */ = {isa = PBXBuildFile; fileRef = 54C8A8C2221C73C4001D216B /* DetailVC.swift */; };
		54C8A8E322248468001D216B /* ListVC.swift in Sources */ = {isa = PBXBuildFile; fileRef = 54C8A8E222248468001D216B /* ListVC.swift */; };
		54C8A8E922248B71001D216B /* PageVC.swift in Sources */ = {isa = PBXBuildFile; fileRef = 54C8A8E822248B71001D216B /* PageVC.swift */; };
		54C8A92F223855CA001D216B /* WeatherDetail.swift in Sources */ = {isa = PBXBuildFile; fileRef = 54C8A92E223855CA001D216B /* WeatherDetail.swift */; };
		DC6128FDE76D46551A8EFCB8 /* Pods_WeatherGift.framework in Frameworks */ = {isa = PBXBuildFile; fileRef = 48FC185FAB20B207697D1571 /* Pods_WeatherGift.framework */; };
/* End PBXBuildFile section */

/* Begin PBXFileReference section */
		48FC185FAB20B207697D1571 /* Pods_WeatherGift.framework */ = {isa = PBXFileReference; explicitFileType = wrapper.framework; includeInIndex = 0; path = Pods_WeatherGift.framework; sourceTree = BUILT_PRODUCTS_DIR; };
		5438C5A422409439000553D1 /* DayWeatherCell.swift */ = {isa = PBXFileReference; lastKnownFileType = sourcecode.swift; path = DayWeatherCell.swift; sourceTree = "<group>"; };
		5470ED31223EB0F3001259D3 /* Constants.swift */ = {isa = PBXFileReference; lastKnownFileType = sourcecode.swift; path = Constants.swift; sourceTree = "<group>"; };
		54B7A5F22242D5FC0052CE86 /* TimeInterval+format.swift */ = {isa = PBXFileReference; lastKnownFileType = sourcecode.swift; path = "TimeInterval+format.swift"; sourceTree = "<group>"; };
		54B7A5F42245324C0052CE86 /* HourlyWeatherCell.swift */ = {isa = PBXFileReference; lastKnownFileType = sourcecode.swift; path = HourlyWeatherCell.swift; sourceTree = "<group>"; };
		54B7A5F62246F40F0052CE86 /* WeatherLocation.swift */ = {isa = PBXFileReference; lastKnownFileType = sourcecode.swift; path = WeatherLocation.swift; sourceTree = "<group>"; };
		54C8A8AD221C7366001D216B /* WeatherGift.app */ = {isa = PBXFileReference; explicitFileType = wrapper.application; includeInIndex = 0; path = WeatherGift.app; sourceTree = BUILT_PRODUCTS_DIR; };
		54C8A8B0221C7366001D216B /* AppDelegate.swift */ = {isa = PBXFileReference; lastKnownFileType = sourcecode.swift; path = AppDelegate.swift; sourceTree = "<group>"; };
		54C8A8B5221C7366001D216B /* Base */ = {isa = PBXFileReference; lastKnownFileType = file.storyboard; name = Base; path = Base.lproj/Main.storyboard; sourceTree = "<group>"; };
		54C8A8B7221C7368001D216B /* Assets.xcassets */ = {isa = PBXFileReference; lastKnownFileType = folder.assetcatalog; path = Assets.xcassets; sourceTree = "<group>"; };
		54C8A8BA221C7368001D216B /* Base */ = {isa = PBXFileReference; lastKnownFileType = file.storyboard; name = Base; path = Base.lproj/LaunchScreen.storyboard; sourceTree = "<group>"; };
		54C8A8BC221C7368001D216B /* Info.plist */ = {isa = PBXFileReference; lastKnownFileType = text.plist.xml; path = Info.plist; sourceTree = "<group>"; };
		54C8A8C2221C73C4001D216B /* DetailVC.swift */ = {isa = PBXFileReference; lastKnownFileType = sourcecode.swift; path = DetailVC.swift; sourceTree = "<group>"; };
		54C8A8E222248468001D216B /* ListVC.swift */ = {isa = PBXFileReference; lastKnownFileType = sourcecode.swift; path = ListVC.swift; sourceTree = "<group>"; };
		54C8A8E822248B71001D216B /* PageVC.swift */ = {isa = PBXFileReference; lastKnownFileType = sourcecode.swift; path = PageVC.swift; sourceTree = "<group>"; };
		54C8A92E223855CA001D216B /* WeatherDetail.swift */ = {isa = PBXFileReference; lastKnownFileType = sourcecode.swift; path = WeatherDetail.swift; sourceTree = "<group>"; };
		808F41AB79A1C913B8BBF1DE /* Pods-WeatherGift.debug.xcconfig */ = {isa = PBXFileReference; includeInIndex = 1; lastKnownFileType = text.xcconfig; name = "Pods-WeatherGift.debug.xcconfig"; path = "Target Support Files/Pods-WeatherGift/Pods-WeatherGift.debug.xcconfig"; sourceTree = "<group>"; };
		C2838C9880F1D838B9F740F9 /* Pods-WeatherGift.release.xcconfig */ = {isa = PBXFileReference; includeInIndex = 1; lastKnownFileType = text.xcconfig; name = "Pods-WeatherGift.release.xcconfig"; path = "Target Support Files/Pods-WeatherGift/Pods-WeatherGift.release.xcconfig"; sourceTree = "<group>"; };
/* End PBXFileReference section */

/* Begin PBXFrameworksBuildPhase section */
		54C8A8AA221C7366001D216B /* Frameworks */ = {
			isa = PBXFrameworksBuildPhase;
			buildActionMask = 2147483647;
			files = (
				DC6128FDE76D46551A8EFCB8 /* Pods_WeatherGift.framework in Frameworks */,
			);
			runOnlyForDeploymentPostprocessing = 0;
		};
/* End PBXFrameworksBuildPhase section */

/* Begin PBXGroup section */
		04F90B833595E4F434B482AB /* Pods */ = {
			isa = PBXGroup;
			children = (
				808F41AB79A1C913B8BBF1DE /* Pods-WeatherGift.debug.xcconfig */,
				C2838C9880F1D838B9F740F9 /* Pods-WeatherGift.release.xcconfig */,
			);
			path = Pods;
			sourceTree = "<group>";
		};
		54C8A8A4221C7366001D216B = {
			isa = PBXGroup;
			children = (
				54C8A8AF221C7366001D216B /* WeatherGift */,
				54C8A8AE221C7366001D216B /* Products */,
				04F90B833595E4F434B482AB /* Pods */,
				614C67C6D9AD05E136781D3C /* Frameworks */,
			);
			sourceTree = "<group>";
		};
		54C8A8AE221C7366001D216B /* Products */ = {
			isa = PBXGroup;
			children = (
				54C8A8AD221C7366001D216B /* WeatherGift.app */,
			);
			name = Products;
			sourceTree = "<group>";
		};
		54C8A8AF221C7366001D216B /* WeatherGift */ = {
			isa = PBXGroup;
			children = (
				54C8A8B0221C7366001D216B /* AppDelegate.swift */,
				54B7A5F62246F40F0052CE86 /* WeatherLocation.swift */,
				54C8A92E223855CA001D216B /* WeatherDetail.swift */,
				54C8A8E822248B71001D216B /* PageVC.swift */,
				54C8A8E222248468001D216B /* ListVC.swift */,
				5438C5A422409439000553D1 /* DayWeatherCell.swift */,
				54B7A5F42245324C0052CE86 /* HourlyWeatherCell.swift */,
				54C8A8C2221C73C4001D216B /* DetailVC.swift */,
				54B7A5F22242D5FC0052CE86 /* TimeInterval+format.swift */,
				5470ED31223EB0F3001259D3 /* Constants.swift */,
				54C8A8B4221C7366001D216B /* Main.storyboard */,
				54C8A8B7221C7368001D216B /* Assets.xcassets */,
				54C8A8B9221C7368001D216B /* LaunchScreen.storyboard */,
				54C8A8BC221C7368001D216B /* Info.plist */,
			);
			path = WeatherGift;
			sourceTree = "<group>";
		};
		614C67C6D9AD05E136781D3C /* Frameworks */ = {
			isa = PBXGroup;
			children = (
				48FC185FAB20B207697D1571 /* Pods_WeatherGift.framework */,
			);
			name = Frameworks;
			sourceTree = "<group>";
		};
/* End PBXGroup section */

/* Begin PBXNativeTarget section */
		54C8A8AC221C7366001D216B /* WeatherGift */ = {
			isa = PBXNativeTarget;
			buildConfigurationList = 54C8A8BF221C7368001D216B /* Build configuration list for PBXNativeTarget "WeatherGift" */;
			buildPhases = (
				F563988B6AC27CF516C76A7B /* [CP] Check Pods Manifest.lock */,
				54C8A8A9221C7366001D216B /* Sources */,
				54C8A8AA221C7366001D216B /* Frameworks */,
				54C8A8AB221C7366001D216B /* Resources */,
				04FE0726E794A0451D4CC32A /* [CP] Embed Pods Frameworks */,
				818F80587C9114B8921ECB4C /* [CP] Copy Pods Resources */,
			);
			buildRules = (
			);
			dependencies = (
			);
			name = WeatherGift;
			productName = WeatherGift;
			productReference = 54C8A8AD221C7366001D216B /* WeatherGift.app */;
			productType = "com.apple.product-type.application";
		};
/* End PBXNativeTarget section */

/* Begin PBXProject section */
		54C8A8A5221C7366001D216B /* Project object */ = {
			isa = PBXProject;
			attributes = {
				LastSwiftUpdateCheck = 1010;
				LastUpgradeCheck = 1010;
				ORGANIZATIONNAME = "Katrina Liu";
				TargetAttributes = {
					54C8A8AC221C7366001D216B = {
						CreatedOnToolsVersion = 10.1;
					};
				};
			};
			buildConfigurationList = 54C8A8A8221C7366001D216B /* Build configuration list for PBXProject "WeatherGift" */;
			compatibilityVersion = "Xcode 9.3";
			developmentRegion = en;
			hasScannedForEncodings = 0;
			knownRegions = (
				en,
				Base,
			);
			mainGroup = 54C8A8A4221C7366001D216B;
			productRefGroup = 54C8A8AE221C7366001D216B /* Products */;
			projectDirPath = "";
			projectRoot = "";
			targets = (
				54C8A8AC221C7366001D216B /* WeatherGift */,
			);
		};
/* End PBXProject section */

/* Begin PBXResourcesBuildPhase section */
		54C8A8AB221C7366001D216B /* Resources */ = {
			isa = PBXResourcesBuildPhase;
			buildActionMask = 2147483647;
			files = (
				54C8A8BB221C7368001D216B /* LaunchScreen.storyboard in Resources */,
				54C8A8B8221C7368001D216B /* Assets.xcassets in Resources */,
				54C8A8B6221C7366001D216B /* Main.storyboard in Resources */,
			);
			runOnlyForDeploymentPostprocessing = 0;
		};
/* End PBXResourcesBuildPhase section */

/* Begin PBXShellScriptBuildPhase section */
		04FE0726E794A0451D4CC32A /* [CP] Embed Pods Frameworks */ = {
			isa = PBXShellScriptBuildPhase;
			buildActionMask = 2147483647;
			files = (
			);
			inputFileListPaths = (
			);
			inputPaths = (
				"${PODS_ROOT}/Target Support Files/Pods-WeatherGift/Pods-WeatherGift-frameworks.sh",
				"${BUILT_PRODUCTS_DIR}/Alamofire/Alamofire.framework",
				"${BUILT_PRODUCTS_DIR}/SwiftyJSON/SwiftyJSON.framework",
			);
			name = "[CP] Embed Pods Frameworks";
			outputFileListPaths = (
			);
			outputPaths = (
				"${TARGET_BUILD_DIR}/${FRAMEWORKS_FOLDER_PATH}/Alamofire.framework",
				"${TARGET_BUILD_DIR}/${FRAMEWORKS_FOLDER_PATH}/SwiftyJSON.framework",
			);
			runOnlyForDeploymentPostprocessing = 0;
			shellPath = /bin/sh;
			shellScript = "\"${PODS_ROOT}/Target Support Files/Pods-WeatherGift/Pods-WeatherGift-frameworks.sh\"\n";
			showEnvVarsInLog = 0;
		};
		818F80587C9114B8921ECB4C /* [CP] Copy Pods Resources */ = {
			isa = PBXShellScriptBuildPhase;
			buildActionMask = 2147483647;
			files = (
			);
			inputFileListPaths = (
			);
			inputPaths = (
				"${PODS_ROOT}/Target Support Files/Pods-WeatherGift/Pods-WeatherGift-resources.sh",
				"${PODS_ROOT}/GooglePlaces/Frameworks/GooglePlaces.framework/Resources/GooglePlaces.bundle",
			);
			name = "[CP] Copy Pods Resources";
			outputFileListPaths = (
			);
			outputPaths = (
				"${TARGET_BUILD_DIR}/${UNLOCALIZED_RESOURCES_FOLDER_PATH}/GooglePlaces.bundle",
			);
			runOnlyForDeploymentPostprocessing = 0;
			shellPath = /bin/sh;
			shellScript = "\"${PODS_ROOT}/Target Support Files/Pods-WeatherGift/Pods-WeatherGift-resources.sh\"\n";
			showEnvVarsInLog = 0;
		};
		F563988B6AC27CF516C76A7B /* [CP] Check Pods Manifest.lock */ = {
			isa = PBXShellScriptBuildPhase;
			buildActionMask = 2147483647;
			files = (
			);
			inputFileListPaths = (
			);
			inputPaths = (
				"${PODS_PODFILE_DIR_PATH}/Podfile.lock",
				"${PODS_ROOT}/Manifest.lock",
			);
			name = "[CP] Check Pods Manifest.lock";
			outputFileListPaths = (
			);
			outputPaths = (
				"$(DERIVED_FILE_DIR)/Pods-WeatherGift-checkManifestLockResult.txt",
			);
			runOnlyForDeploymentPostprocessing = 0;
			shellPath = /bin/sh;
			shellScript = "diff \"${PODS_PODFILE_DIR_PATH}/Podfile.lock\" \"${PODS_ROOT}/Manifest.lock\" > /dev/null\nif [ $? != 0 ] ; then\n    # print error to STDERR\n    echo \"error: The sandbox is not in sync with the Podfile.lock. Run 'pod install' or update your CocoaPods installation.\" >&2\n    exit 1\nfi\n# This output is used by Xcode 'outputs' to avoid re-running this script phase.\necho \"SUCCESS\" > \"${SCRIPT_OUTPUT_FILE_0}\"\n";
			showEnvVarsInLog = 0;
		};
/* End PBXShellScriptBuildPhase section */

/* Begin PBXSourcesBuildPhase section */
		54C8A8A9221C7366001D216B /* Sources */ = {
			isa = PBXSourcesBuildPhase;
			buildActionMask = 2147483647;
			files = (
				5438C5A522409439000553D1 /* DayWeatherCell.swift in Sources */,
				54B7A5F52245324C0052CE86 /* HourlyWeatherCell.swift in Sources */,
				54C8A92F223855CA001D216B /* WeatherDetail.swift in Sources */,
				54C8A8E322248468001D216B /* ListVC.swift in Sources */,
				54C8A8E922248B71001D216B /* PageVC.swift in Sources */,
				54B7A5F72246F40F0052CE86 /* WeatherLocation.swift in Sources */,
				54B7A5F32242D5FC0052CE86 /* TimeInterval+format.swift in Sources */,
				54C8A8B1221C7366001D216B /* AppDelegate.swift in Sources */,
				54C8A8C3221C73C4001D216B /* DetailVC.swift in Sources */,
				5470ED32223EB0F3001259D3 /* Constants.swift in Sources */,
			);
			runOnlyForDeploymentPostprocessing = 0;
		};
/* End PBXSourcesBuildPhase section */

/* Begin PBXVariantGroup section */
		54C8A8B4221C7366001D216B /* Main.storyboard */ = {
			isa = PBXVariantGroup;
			children = (
				54C8A8B5221C7366001D216B /* Base */,
			);
			name = Main.storyboard;
			sourceTree = "<group>";
		};
		54C8A8B9221C7368001D216B /* LaunchScreen.storyboard */ = {
			isa = PBXVariantGroup;
			children = (
				54C8A8BA221C7368001D216B /* Base */,
			);
			name = LaunchScreen.storyboard;
			sourceTree = "<group>";
		};
/* End PBXVariantGroup section */

/* Begin XCBuildConfiguration section */
		54C8A8BD221C7368001D216B /* Debug */ = {
			isa = XCBuildConfiguration;
			buildSettings = {
				ALWAYS_SEARCH_USER_PATHS = NO;
				CLANG_ANALYZER_NONNULL = YES;
				CLANG_ANALYZER_NUMBER_OBJECT_CONVERSION = YES_AGGRESSIVE;
				CLANG_CXX_LANGUAGE_STANDARD = "gnu++14";
				CLANG_CXX_LIBRARY = "libc++";
				CLANG_ENABLE_MODULES = YES;
				CLANG_ENABLE_OBJC_ARC = YES;
				CLANG_ENABLE_OBJC_WEAK = YES;
				CLANG_WARN_BLOCK_CAPTURE_AUTORELEASING = YES;
				CLANG_WARN_BOOL_CONVERSION = YES;
				CLANG_WARN_COMMA = YES;
				CLANG_WARN_CONSTANT_CONVERSION = YES;
				CLANG_WARN_DEPRECATED_OBJC_IMPLEMENTATIONS = YES;
				CLANG_WARN_DIRECT_OBJC_ISA_USAGE = YES_ERROR;
				CLANG_WARN_DOCUMENTATION_COMMENTS = YES;
				CLANG_WARN_EMPTY_BODY = YES;
				CLANG_WARN_ENUM_CONVERSION = YES;
				CLANG_WARN_INFINITE_RECURSION = YES;
				CLANG_WARN_INT_CONVERSION = YES;
				CLANG_WARN_NON_LITERAL_NULL_CONVERSION = YES;
				CLANG_WARN_OBJC_IMPLICIT_RETAIN_SELF = YES;
				CLANG_WARN_OBJC_LITERAL_CONVERSION = YES;
				CLANG_WARN_OBJC_ROOT_CLASS = YES_ERROR;
				CLANG_WARN_RANGE_LOOP_ANALYSIS = YES;
				CLANG_WARN_STRICT_PROTOTYPES = YES;
				CLANG_WARN_SUSPICIOUS_MOVE = YES;
				CLANG_WARN_UNGUARDED_AVAILABILITY = YES_AGGRESSIVE;
				CLANG_WARN_UNREACHABLE_CODE = YES;
				CLANG_WARN__DUPLICATE_METHOD_MATCH = YES;
				CODE_SIGN_IDENTITY = "iPhone Developer";
				COPY_PHASE_STRIP = NO;
				DEBUG_INFORMATION_FORMAT = dwarf;
				ENABLE_STRICT_OBJC_MSGSEND = YES;
				ENABLE_TESTABILITY = YES;
				GCC_C_LANGUAGE_STANDARD = gnu11;
				GCC_DYNAMIC_NO_PIC = NO;
				GCC_NO_COMMON_BLOCKS = YES;
				GCC_OPTIMIZATION_LEVEL = 0;
				GCC_PREPROCESSOR_DEFINITIONS = (
					"DEBUG=1",
					"$(inherited)",
				);
				GCC_WARN_64_TO_32_BIT_CONVERSION = YES;
				GCC_WARN_ABOUT_RETURN_TYPE = YES_ERROR;
				GCC_WARN_UNDECLARED_SELECTOR = YES;
				GCC_WARN_UNINITIALIZED_AUTOS = YES_AGGRESSIVE;
				GCC_WARN_UNUSED_FUNCTION = YES;
				GCC_WARN_UNUSED_VARIABLE = YES;
				IPHONEOS_DEPLOYMENT_TARGET = 12.1;
				MTL_ENABLE_DEBUG_INFO = INCLUDE_SOURCE;
				MTL_FAST_MATH = YES;
				ONLY_ACTIVE_ARCH = YES;
				SDKROOT = iphoneos;
				SWIFT_ACTIVE_COMPILATION_CONDITIONS = DEBUG;
				SWIFT_OPTIMIZATION_LEVEL = "-Onone";
			};
			name = Debug;
		};
		54C8A8BE221C7368001D216B /* Release */ = {
			isa = XCBuildConfiguration;
			buildSettings = {
				ALWAYS_SEARCH_USER_PATHS = NO;
				CLANG_ANALYZER_NONNULL = YES;
				CLANG_ANALYZER_NUMBER_OBJECT_CONVERSION = YES_AGGRESSIVE;
				CLANG_CXX_LANGUAGE_STANDARD = "gnu++14";
				CLANG_CXX_LIBRARY = "libc++";
				CLANG_ENABLE_MODULES = YES;
				CLANG_ENABLE_OBJC_ARC = YES;
				CLANG_ENABLE_OBJC_WEAK = YES;
				CLANG_WARN_BLOCK_CAPTURE_AUTORELEASING = YES;
				CLANG_WARN_BOOL_CONVERSION = YES;
				CLANG_WARN_COMMA = YES;
				CLANG_WARN_CONSTANT_CONVERSION = YES;
				CLANG_WARN_DEPRECATED_OBJC_IMPLEMENTATIONS = YES;
				CLANG_WARN_DIRECT_OBJC_ISA_USAGE = YES_ERROR;
				CLANG_WARN_DOCUMENTATION_COMMENTS = YES;
				CLANG_WARN_EMPTY_BODY = YES;
				CLANG_WARN_ENUM_CONVERSION = YES;
				CLANG_WARN_INFINITE_RECURSION = YES;
				CLANG_WARN_INT_CONVERSION = YES;
				CLANG_WARN_NON_LITERAL_NULL_CONVERSION = YES;
				CLANG_WARN_OBJC_IMPLICIT_RETAIN_SELF = YES;
				CLANG_WARN_OBJC_LITERAL_CONVERSION = YES;
				CLANG_WARN_OBJC_ROOT_CLASS = YES_ERROR;
				CLANG_WARN_RANGE_LOOP_ANALYSIS = YES;
				CLANG_WARN_STRICT_PROTOTYPES = YES;
				CLANG_WARN_SUSPICIOUS_MOVE = YES;
				CLANG_WARN_UNGUARDED_AVAILABILITY = YES_AGGRESSIVE;
				CLANG_WARN_UNREACHABLE_CODE = YES;
				CLANG_WARN__DUPLICATE_METHOD_MATCH = YES;
				CODE_SIGN_IDENTITY = "iPhone Developer";
				COPY_PHASE_STRIP = NO;
				DEBUG_INFORMATION_FORMAT = "dwarf-with-dsym";
				ENABLE_NS_ASSERTIONS = NO;
				ENABLE_STRICT_OBJC_MSGSEND = YES;
				GCC_C_LANGUAGE_STANDARD = gnu11;
				GCC_NO_COMMON_BLOCKS = YES;
				GCC_WARN_64_TO_32_BIT_CONVERSION = YES;
				GCC_WARN_ABOUT_RETURN_TYPE = YES_ERROR;
				GCC_WARN_UNDECLARED_SELECTOR = YES;
				GCC_WARN_UNINITIALIZED_AUTOS = YES_AGGRESSIVE;
				GCC_WARN_UNUSED_FUNCTION = YES;
				GCC_WARN_UNUSED_VARIABLE = YES;
				IPHONEOS_DEPLOYMENT_TARGET = 12.1;
				MTL_ENABLE_DEBUG_INFO = NO;
				MTL_FAST_MATH = YES;
				SDKROOT = iphoneos;
				SWIFT_COMPILATION_MODE = wholemodule;
				SWIFT_OPTIMIZATION_LEVEL = "-O";
				VALIDATE_PRODUCT = YES;
			};
			name = Release;
		};
		54C8A8C0221C7368001D216B /* Debug */ = {
			isa = XCBuildConfiguration;
			baseConfigurationReference = 808F41AB79A1C913B8BBF1DE /* Pods-WeatherGift.debug.xcconfig */;
			buildSettings = {
				ASSETCATALOG_COMPILER_APPICON_NAME = AppIcon;
				CODE_SIGN_STYLE = Automatic;
				DEVELOPMENT_TEAM = QUU756R9VU;
				INFOPLIST_FILE = WeatherGift/Info.plist;
				LD_RUNPATH_SEARCH_PATHS = (
					"$(inherited)",
					"@executable_path/Frameworks",
				);
				PRODUCT_BUNDLE_IDENTIFIER = com.liu.WeatherGift;
				PRODUCT_NAME = "$(TARGET_NAME)";
				SWIFT_VERSION = 4.2;
				TARGETED_DEVICE_FAMILY = "1,2";
			};
			name = Debug;
		};
		54C8A8C1221C7368001D216B /* Release */ = {
			isa = XCBuildConfiguration;
			baseConfigurationReference = C2838C9880F1D838B9F740F9 /* Pods-WeatherGift.release.xcconfig */;
			buildSettings = {
				ASSETCATALOG_COMPILER_APPICON_NAME = AppIcon;
				CODE_SIGN_STYLE = Automatic;
				DEVELOPMENT_TEAM = QUU756R9VU;
				INFOPLIST_FILE = WeatherGift/Info.plist;
				LD_RUNPATH_SEARCH_PATHS = (
					"$(inherited)",
					"@executable_path/Frameworks",
				);
				PRODUCT_BUNDLE_IDENTIFIER = com.liu.WeatherGift;
				PRODUCT_NAME = "$(TARGET_NAME)";
				SWIFT_VERSION = 4.2;
				TARGETED_DEVICE_FAMILY = "1,2";
			};
			name = Release;
		};
/* End XCBuildConfiguration section */

/* Begin XCConfigurationList section */
		54C8A8A8221C7366001D216B /* Build configuration list for PBXProject "WeatherGift" */ = {
			isa = XCConfigurationList;
			buildConfigurations = (
				54C8A8BD221C7368001D216B /* Debug */,
				54C8A8BE221C7368001D216B /* Release */,
			);
			defaultConfigurationIsVisible = 0;
			defaultConfigurationName = Release;
		};
		54C8A8BF221C7368001D216B /* Build configuration list for PBXNativeTarget "WeatherGift" */ = {
			isa = XCConfigurationList;
			buildConfigurations = (
				54C8A8C0221C7368001D216B /* Debug */,
				54C8A8C1221C7368001D216B /* Release */,
			);
			defaultConfigurationIsVisible = 0;
			defaultConfigurationName = Release;
		};
/* End XCConfigurationList section */
	};
	rootObject = 54C8A8A5221C7366001D216B /* Project object */;
}
